DEPENDENCIES
  jenkins-demo
    path: .
    metadata: true

GRAPH
  apt (2.6.1)
  compat_resource (12.19.0)
  dpkg_autostart (0.2.0)
  homebrew (4.2.0)
  java (1.50.0)
    apt (>= 0.0.0)
    homebrew (>= 0.0.0)
    windows (>= 0.0.0)
  jenkins (5.0.4)
    compat_resource (>= 12.16.3)
    dpkg_autostart (>= 0.0.0)
    runit (>= 1.7)
  jenkins-demo (0.0.1)
    apt (= 2.6.1)
    java (>= 0.0.0)
    jenkins (= 5.0.4)
  ohai (5.2.0)
  packagecloud (0.3.0)
  runit (3.0.5)
    packagecloud (>= 0.0.0)
    yum-epel (>= 0.0.0)
  windows (3.4.0)
    ohai (>= 4.0.0)
  yum (3.8.1)
  yum-epel (0.6.3)
    yum (~> 3.2)
